
Microsoft Visual Studio Solution File, Format Version 12.00
# Visual Studio Version 17
VisualStudioVersion = 17.12.35707.178
MinimumVisualStudioVersion = 10.0.40219.1
Project("{FAE04EC0-301F-11D3-BF4B-00C04F79EFBC}") = "EliasTestShyping", "EliasTestShyping.csproj", "{A771CF36-B50A-44FF-B92F-14075EB65215}"
EndProject
Project("{FAE04EC0-301F-11D3-BF4B-00C04F79EFBC}") = "UnitTestShyping", "..\UnitTestShyping\UnitTestShyping.csproj", "{5F4A71EE-0E6B-4A2A-A1DD-392E4F93DA30}"
EndProject
Global
	GlobalSection(SolutionConfigurationPlatforms) = preSolution
		Debug|Any CPU = Debug|Any CPU
		Release|Any CPU = Release|Any CPU
	EndGlobalSection
	GlobalSection(ProjectConfigurationPlatforms) = postSolution
		{A771CF36-B50A-44FF-B92F-14075EB65215}.Debug|Any CPU.ActiveCfg = Debug|Any CPU
		{A771CF36-B50A-44FF-B92F-14075EB65215}.Debug|Any CPU.Build.0 = Debug|Any CPU
		{A771CF36-B50A-44FF-B92F-14075EB65215}.Release|Any CPU.ActiveCfg = Release|Any CPU
		{A771CF36-B50A-44FF-B92F-14075EB65215}.Release|Any CPU.Build.0 = Release|Any CPU
		{5F4A71EE-0E6B-4A2A-A1DD-392E4F93DA30}.Debug|Any CPU.ActiveCfg = Debug|Any CPU
		{5F4A71EE-0E6B-4A2A-A1DD-392E4F93DA30}.Debug|Any CPU.Build.0 = Debug|Any CPU
		{5F4A71EE-0E6B-4A2A-A1DD-392E4F93DA30}.Release|Any CPU.ActiveCfg = Release|Any CPU
		{5F4A71EE-0E6B-4A2A-A1DD-392E4F93DA30}.Release|Any CPU.Build.0 = Release|Any CPU
	EndGlobalSection
	GlobalSection(SolutionProperties) = preSolution
		HideSolutionNode = FALSE
	EndGlobalSection
EndGlobal
